
Microsoft Visual Studio Solution File, Format Version 12.00
# Visual Studio Version 16
VisualStudioVersion = 16.0.28729.10
MinimumVisualStudioVersion = 10.0.40219.1
Project("{FAE04EC0-301F-11D3-BF4B-00C04F79EFBC}") = "pjCaso48", "pjCaso48\pjCaso48.csproj", "{59ECEE87-1CBB-44A0-BEBD-84A1E9D54C95}"
EndProject
Global
	GlobalSection(SolutionConfigurationPlatforms) = preSolution
		Debug|Any CPU = Debug|Any CPU
		Release|Any CPU = Release|Any CPU
	EndGlobalSection
	GlobalSection(ProjectConfigurationPlatforms) = postSolution
		{59ECEE87-1CBB-44A0-BEBD-84A1E9D54C95}.Debug|Any CPU.ActiveCfg = Debug|Any CPU
		{59ECEE87-1CBB-44A0-BEBD-84A1E9D54C95}.Debug|Any CPU.Build.0 = Debug|Any CPU
		{59ECEE87-1CBB-44A0-BEBD-84A1E9D54C95}.Release|Any CPU.ActiveCfg = Release|Any CPU
		{59ECEE87-1CBB-44A0-BEBD-84A1E9D54C95}.Release|Any CPU.Build.0 = Release|Any CPU
	EndGlobalSection
	GlobalSection(SolutionProperties) = preSolution
		HideSolutionNode = FALSE
	EndGlobalSection
	GlobalSection(ExtensibilityGlobals) = postSolution
		SolutionGuid = {A68CF0F0-56CF-4580-9502-D91B1D7365B0}
	EndGlobalSection
EndGlobal
